{
  "name": "vura-celsian-hello",
  "lockfileVersion": 3,
  "requires": true,
  "packages": {
    "": {
      "name": "vura-celsian-hello",
      "dependencies": {
        "@celsian/core": "^0.6.5"
      }
    },
    "node_modules/@celsian/core": {
      "version": "0.6.5",
      "resolved": "https://registry.npmjs.org/@celsian/core/-/core-0.6.5.tgz",
      "integrity": "sha512-yxuEofQQ0ZBhHVxUB7VVnoVvpt+IHYTAPEKHLMX11y3Pp4inWsztJ849S6iY6duAr/Xvv/+UhLk7xeW0yjZn6Q==",
      "license": "MIT",
      "dependencies": {
        "@celsian/schema": "0.6.5"
      },
      "engines": {
        "node": ">=20"
      },
      "peerDependencies": {
        "ws": "^8.18.0"
      },
      "peerDependenciesMeta": {
        "ws": {
          "optional": true
        }
      }
    },
    "node_modules/@celsian/schema": {
      "version": "0.6.5",
      "resolved": "https://registry.npmjs.org/@celsian/schema/-/schema-0.6.5.tgz",
      "integrity": "sha512-tUQD9LEfIgO+7UyJQRltiWXGxHTWG7g/omFNM8Y+nx5J5sEl796GSSu+xnfejsiiwAtvpDIE17kk6V/Y+1WNhQ==",
      "license": "MIT",
      "engines": {
        "node": ">=20"
      },
      "peerDependencies": {
        "@sinclair/typebox": ">=0.30.0",
        "valibot": ">=0.30.0",
        "zod": ">=3.0.0"
      },
      "peerDependenciesMeta": {
        "@sinclair/typebox": {
          "optional": true
        },
        "valibot": {
          "optional": true
        },
        "zod": {
          "optional": true
        }
      }
    }
  }
}
